PODS:
  - boost-for-react-native (1.63.0)
  - DoubleConversion (1.1.6)
  - FBLazyVector (0.64.1)
  - FBReactNativeSpec (0.64.1):
    - RCT-Folly (= 2020.01.13.00)
    - RCTRequired (= 0.64.1)
    - RCTTypeSafety (= 0.64.1)
    - React-Core (= 0.64.1)
    - React-jsi (= 0.64.1)
    - ReactCommon/turbomodule/core (= 0.64.1)
  - glog (0.3.5)
  - RCT-Folly (2020.01.13.00):
    - boost-for-react-native
    - DoubleConversion
    - glog
    - RCT-Folly/Default (= 2020.01.13.00)
  - RCT-Folly/Default (2020.01.13.00):
    - boost-for-react-native
    - DoubleConversion
    - glog
  - RCTRequired (0.64.1)
  - RCTTypeSafety (0.64.1):
    - FBLazyVector (= 0.64.1)
    - RCT-Folly (= 2020.01.13.00)
    - RCTRequired (= 0.64.1)
    - React-Core (= 0.64.1)
  - React (0.64.1):
    - React-Core (= 0.64.1)
    - React-Core/DevSupport (= 0.64.1)
    - React-Core/RCTWebSocket (= 0.64.1)
    - React-RCTActionSheet (= 0.64.1)
    - React-RCTAnimation (= 0.64.1)
    - React-RCTBlob (= 0.64.1)
    - React-RCTImage (= 0.64.1)
    - React-RCTLinking (= 0.64.1)
    - React-RCTNetwork (= 0.64.1)
    - React-RCTSettings (= 0.64.1)
    - React-RCTText (= 0.64.1)
    - React-RCTVibration (= 0.64.1)
  - React-callinvoker (0.64.1)
  - React-Core (0.64.1):
    - glog
    - RCT-Folly (= 2020.01.13.00)
    - React-Core/Default (= 0.64.1)
    - React-cxxreact (= 0.64.1)
    - React-jsi (= 0.64.1)
    - React-jsiexecutor (= 0.64.1)
    - React-perflogger (= 0.64.1)
    - Yoga
  - React-Core/CoreModulesHeaders (0.64.1):
    - glog
    - RCT-Folly (= 2020.01.13.00)
    - React-Core/Default
    - React-cxxreact (= 0.64.1)
    - React-jsi (= 0.64.1)
    - React-jsiexecutor (= 0.64.1)
    - React-perflogger (= 0.64.1)
    - Yoga
  - React-Core/Default (0.64.1):
    - glog
    - RCT-Folly (= 2020.01.13.00)
    - React-cxxreact (= 0.64.1)
    - React-jsi (= 0.64.1)
    - React-jsiexecutor (= 0.64.1)
    - React-perflogger (= 0.64.1)
    - Yoga
  - React-Core/DevSupport (0.64.1):
    - glog
    - RCT-Folly (= 2020.01.13.00)
    - React-Core/Default (= 0.64.1)
    - React-Core/RCTWebSocket (= 0.64.1)
    - React-cxxreact (= 0.64.1)
    - React-jsi (= 0.64.1)
    - React-jsiexecutor (= 0.64.1)
    - React-jsinspector (= 0.64.1)
    - React-perflogger (= 0.64.1)
    - Yoga
  - React-Core/RCTActionSheetHeaders (0.64.1):
    - glog
    - RCT-Folly (= 2020.01.13.00)
    - React-Core/Default
    - React-cxxreact (= 0.64.1)
    - React-jsi (= 0.64.1)
    - React-jsiexecutor (= 0.64.1)
    - React-perflogger (= 0.64.1)
    - Yoga
  - React-Core/RCTAnimationHeaders (0.64.1):
    - glog
    - RCT-Folly (= 2020.01.13.00)
    - React-Core/Default
    - React-cxxreact (= 0.64.1)
    - React-jsi (= 0.64.1)
    - React-jsiexecutor (= 0.64.1)
    - React-perflogger (= 0.64.1)
    - Yoga
  - React-Core/RCTBlobHeaders (0.64.1):
    - glog
    - RCT-Folly (= 2020.01.13.00)
    - React-Core/Default
    - React-cxxreact (= 0.64.1)
    - React-jsi (= 0.64.1)
    - React-jsiexecutor (= 0.64.1)
    - React-perflogger (= 0.64.1)
    - Yoga
  - React-Core/RCTImageHeaders (0.64.1):
    - glog
    - RCT-Folly (= 2020.01.13.00)
    - React-Core/Default
    - React-cxxreact (= 0.64.1)
    - React-jsi (= 0.64.1)
    - React-jsiexecutor (= 0.64.1)
    - React-perflogger (= 0.64.1)
    - Yoga
  - React-Core/RCTLinkingHeaders (0.64.1):
    - glog
    - RCT-Folly (= 2020.01.13.00)
    - React-Core/Default
    - React-cxxreact (= 0.64.1)
    - React-jsi (= 0.64.1)
    - React-jsiexecutor (= 0.64.1)
    - React-perflogger (= 0.64.1)
    - Yoga
  - React-Core/RCTNetworkHeaders (0.64.1):
    - glog
    - RCT-Folly (= 2020.01.13.00)
    - React-Core/Default
    - React-cxxreact (= 0.64.1)
    - React-jsi (= 0.64.1)
    - React-jsiexecutor (= 0.64.1)
    - React-perflogger (= 0.64.1)
    - Yoga
  - React-Core/RCTSettingsHeaders (0.64.1):
    - glog
    - RCT-Folly (= 2020.01.13.00)
    - React-Core/Default
    - React-cxxreact (= 0.64.1)
    - React-jsi (= 0.64.1)
    - React-jsiexecutor (= 0.64.1)
    - React-perflogger (= 0.64.1)
    - Yoga
  - React-Core/RCTTextHeaders (0.64.1):
    - glog
    - RCT-Folly (= 2020.01.13.00)
    - React-Core/Default
    - React-cxxreact (= 0.64.1)
    - React-jsi (= 0.64.1)
    - React-jsiexecutor (= 0.64.1)
    - React-perflogger (= 0.64.1)
    - Yoga
  - React-Core/RCTVibrationHeaders (0.64.1):
    - glog
    - RCT-Folly (= 2020.01.13.00)
    - React-Core/Default
    - React-cxxreact (= 0.64.1)
    - React-jsi (= 0.64.1)
    - React-jsiexecutor (= 0.64.1)
    - React-perflogger (= 0.64.1)
    - Yoga
  - React-Core/RCTWebSocket (0.64.1):
    - glog
    - RCT-Folly (= 2020.01.13.00)
    - React-Core/Default (= 0.64.1)
    - React-cxxreact (= 0.64.1)
    - React-jsi (= 0.64.1)
    - React-jsiexecutor (= 0.64.1)
    - React-perflogger (= 0.64.1)
    - Yoga
  - React-CoreModules (0.64.1):
    - FBReactNativeSpec (= 0.64.1)
    - RCT-Folly (= 2020.01.13.00)
    - RCTTypeSafety (= 0.64.1)
    - React-Core/CoreModulesHeaders (= 0.64.1)
    - React-jsi (= 0.64.1)
    - React-RCTImage (= 0.64.1)
    - ReactCommon/turbomodule/core (= 0.64.1)
  - React-cxxreact (0.64.1):
    - boost-for-react-native (= 1.63.0)
    - DoubleConversion
    - glog
    - RCT-Folly (= 2020.01.13.00)
    - React-callinvoker (= 0.64.1)
    - React-jsi (= 0.64.1)
    - React-jsinspector (= 0.64.1)
    - React-perflogger (= 0.64.1)
    - React-runtimeexecutor (= 0.64.1)
  - React-jsi (0.64.1):
    - boost-for-react-native (= 1.63.0)
    - DoubleConversion
    - glog
    - RCT-Folly (= 2020.01.13.00)
    - React-jsi/Default (= 0.64.1)
  - React-jsi/Default (0.64.1):
    - boost-for-react-native (= 1.63.0)
    - DoubleConversion
    - glog
    - RCT-Folly (= 2020.01.13.00)
  - React-jsiexecutor (0.64.1):
    - DoubleConversion
    - glog
    - RCT-Folly (= 2020.01.13.00)
    - React-cxxreact (= 0.64.1)
    - React-jsi (= 0.64.1)
    - React-perflogger (= 0.64.1)
  - React-jsinspector (0.64.1)
  - react-native-contacts (7.0.0):
    - React-Core
  - react-native-keep-awake (4.0.0):
    - React
  - react-native-pdf (6.3.0):
    - React-Core
  - react-native-print (0.7.0):
    - React
  - react-native-progress-bar-android (1.0.4):
    - React
  - react-native-progress-view (1.3.1):
    - React-Core
  - react-native-safe-area-context (3.2.0):
    - React-Core
  - react-native-splash-screen (3.2.0):
    - React
  - React-perflogger (0.64.1)
  - React-RCTActionSheet (0.64.1):
    - React-Core/RCTActionSheetHeaders (= 0.64.1)
  - React-RCTAnimation (0.64.1):
    - FBReactNativeSpec (= 0.64.1)
    - RCT-Folly (= 2020.01.13.00)
    - RCTTypeSafety (= 0.64.1)
    - React-Core/RCTAnimationHeaders (= 0.64.1)
    - React-jsi (= 0.64.1)
    - ReactCommon/turbomodule/core (= 0.64.1)
  - React-RCTBlob (0.64.1):
    - FBReactNativeSpec (= 0.64.1)
    - RCT-Folly (= 2020.01.13.00)
    - React-Core/RCTBlobHeaders (= 0.64.1)
    - React-Core/RCTWebSocket (= 0.64.1)
    - React-jsi (= 0.64.1)
    - React-RCTNetwork (= 0.64.1)
    - ReactCommon/turbomodule/core (= 0.64.1)
  - React-RCTImage (0.64.1):
    - FBReactNativeSpec (= 0.64.1)
    - RCT-Folly (= 2020.01.13.00)
    - RCTTypeSafety (= 0.64.1)
    - React-Core/RCTImageHeaders (= 0.64.1)
    - React-jsi (= 0.64.1)
    - React-RCTNetwork (= 0.64.1)
    - ReactCommon/turbomodule/core (= 0.64.1)
  - React-RCTLinking (0.64.1):
    - FBReactNativeSpec (= 0.64.1)
    - React-Core/RCTLinkingHeaders (= 0.64.1)
    - React-jsi (= 0.64.1)
    - ReactCommon/turbomodule/core (= 0.64.1)
  - React-RCTNetwork (0.64.1):
    - FBReactNativeSpec (= 0.64.1)
    - RCT-Folly (= 2020.01.13.00)
    - RCTTypeSafety (= 0.64.1)
    - React-Core/RCTNetworkHeaders (= 0.64.1)
    - React-jsi (= 0.64.1)
    - ReactCommon/turbomodule/core (= 0.64.1)
  - React-RCTSettings (0.64.1):
    - FBReactNativeSpec (= 0.64.1)
    - RCT-Folly (= 2020.01.13.00)
    - RCTTypeSafety (= 0.64.1)
    - React-Core/RCTSettingsHeaders (= 0.64.1)
    - React-jsi (= 0.64.1)
    - ReactCommon/turbomodule/core (= 0.64.1)
  - React-RCTText (0.64.1):
    - React-Core/RCTTextHeaders (= 0.64.1)
  - React-RCTVibration (0.64.1):
    - FBReactNativeSpec (= 0.64.1)
    - RCT-Folly (= 2020.01.13.00)
    - React-Core/RCTVibrationHeaders (= 0.64.1)
    - React-jsi (= 0.64.1)
    - ReactCommon/turbomodule/core (= 0.64.1)
  - React-runtimeexecutor (0.64.1):
    - React-jsi (= 0.64.1)
  - ReactCommon/turbomodule/core (0.64.1):
    - DoubleConversion
    - glog
    - RCT-Folly (= 2020.01.13.00)
    - React-callinvoker (= 0.64.1)
    - React-Core (= 0.64.1)
    - React-cxxreact (= 0.64.1)
    - React-jsi (= 0.64.1)
    - React-perflogger (= 0.64.1)
  - rn-fetch-blob (0.12.0):
    - React-Core
  - RNCAsyncStorage (1.15.5):
    - React-Core
  - RNCMaskedView (0.1.11):
    - React
  - RNCPicker (1.8.1):
    - React-Core
  - RNDeviceInfo (8.1.3):
    - React-Core
  - RNFS (2.18.0):
    - React
  - RNGestureHandler (1.10.3):
    - React-Core
  - RNICloudStore (0.1.0):
    - React
  - RNLocalize (2.1.0):
    - React-Core
  - RNReanimated (2.2.0):
    - DoubleConversion
    - FBLazyVector
    - FBReactNativeSpec
    - glog
    - RCT-Folly
    - RCTRequired
    - RCTTypeSafety
    - React
    - React-callinvoker
    - React-Core
    - React-Core/DevSupport
    - React-Core/RCTWebSocket
    - React-CoreModules
    - React-cxxreact
    - React-jsi
    - React-jsiexecutor
    - React-jsinspector
    - React-RCTActionSheet
    - React-RCTAnimation
    - React-RCTBlob
    - React-RCTImage
    - React-RCTLinking
    - React-RCTNetwork
    - React-RCTSettings
    - React-RCTText
    - React-RCTVibration
    - ReactCommon/turbomodule/core
    - Yoga
  - RNScreens (3.3.0):
    - React-Core
    - React-RCTImage
  - RNSentry (2.4.3):
    - React-Core
    - Sentry (= 6.1.4)
  - RNShare (6.2.0):
    - React-Core
  - Sentry (6.1.4):
    - Sentry/Core (= 6.1.4)
  - Sentry/Core (6.1.4)
  - Yoga (1.14.0)

DEPENDENCIES:
  - DoubleConversion (from `../node_modules/react-native/third-party-podspecs/DoubleConversion.podspec`)
  - FBLazyVector (from `../node_modules/react-native/Libraries/FBLazyVector`)
  - FBReactNativeSpec (from `../node_modules/react-native/React/FBReactNativeSpec`)
  - glog (from `../node_modules/react-native/third-party-podspecs/glog.podspec`)
  - RCT-Folly (from `../node_modules/react-native/third-party-podspecs/RCT-Folly.podspec`)
  - RCTRequired (from `../node_modules/react-native/Libraries/RCTRequired`)
  - RCTTypeSafety (from `../node_modules/react-native/Libraries/TypeSafety`)
  - React (from `../node_modules/react-native/`)
  - React-callinvoker (from `../node_modules/react-native/ReactCommon/callinvoker`)
  - React-Core (from `../node_modules/react-native/`)
  - React-Core/DevSupport (from `../node_modules/react-native/`)
  - React-Core/RCTWebSocket (from `../node_modules/react-native/`)
  - React-CoreModules (from `../node_modules/react-native/React/CoreModules`)
  - React-cxxreact (from `../node_modules/react-native/ReactCommon/cxxreact`)
  - React-jsi (from `../node_modules/react-native/ReactCommon/jsi`)
  - React-jsiexecutor (from `../node_modules/react-native/ReactCommon/jsiexecutor`)
  - React-jsinspector (from `../node_modules/react-native/ReactCommon/jsinspector`)
  - react-native-contacts (from `../node_modules/react-native-contacts`)
  - react-native-keep-awake (from `../node_modules/react-native-keep-awake`)
  - react-native-pdf (from `../node_modules/react-native-pdf`)
  - react-native-print (from `../node_modules/react-native-print`)
  - "react-native-progress-bar-android (from `../node_modules/@react-native-community/progress-bar-android`)"
  - "react-native-progress-view (from `../node_modules/@react-native-community/progress-view`)"
  - react-native-safe-area-context (from `../node_modules/react-native-safe-area-context`)
  - react-native-splash-screen (from `../node_modules/react-native-splash-screen`)
  - React-perflogger (from `../node_modules/react-native/ReactCommon/reactperflogger`)
  - React-RCTActionSheet (from `../node_modules/react-native/Libraries/ActionSheetIOS`)
  - React-RCTAnimation (from `../node_modules/react-native/Libraries/NativeAnimation`)
  - React-RCTBlob (from `../node_modules/react-native/Libraries/Blob`)
  - React-RCTImage (from `../node_modules/react-native/Libraries/Image`)
  - React-RCTLinking (from `../node_modules/react-native/Libraries/LinkingIOS`)
  - React-RCTNetwork (from `../node_modules/react-native/Libraries/Network`)
  - React-RCTSettings (from `../node_modules/react-native/Libraries/Settings`)
  - React-RCTText (from `../node_modules/react-native/Libraries/Text`)
  - React-RCTVibration (from `../node_modules/react-native/Libraries/Vibration`)
  - React-runtimeexecutor (from `../node_modules/react-native/ReactCommon/runtimeexecutor`)
  - ReactCommon/turbomodule/core (from `../node_modules/react-native/ReactCommon`)
  - rn-fetch-blob (from `../node_modules/rn-fetch-blob`)
  - "RNCAsyncStorage (from `../node_modules/@react-native-async-storage/async-storage`)"
  - "RNCMaskedView (from `../node_modules/@react-native-community/masked-view`)"
  - "RNCPicker (from `../node_modules/@react-native-community/picker`)"
  - RNDeviceInfo (from `../node_modules/react-native-device-info`)
  - RNFS (from `../node_modules/react-native-fs`)
  - RNGestureHandler (from `../node_modules/react-native-gesture-handler`)
  - RNICloudStore (from `../node_modules/react-native-icloudstore`)
  - RNLocalize (from `../node_modules/react-native-localize`)
  - RNReanimated (from `../node_modules/react-native-reanimated`)
  - RNScreens (from `../node_modules/react-native-screens`)
  - "RNSentry (from `../node_modules/@sentry/react-native`)"
  - RNShare (from `../node_modules/react-native-share`)
  - Yoga (from `../node_modules/react-native/ReactCommon/yoga`)

SPEC REPOS:
  trunk:
    - boost-for-react-native
    - Sentry

EXTERNAL SOURCES:
  DoubleConversion:
    :podspec: "../node_modules/react-native/third-party-podspecs/DoubleConversion.podspec"
  FBLazyVector:
    :path: "../node_modules/react-native/Libraries/FBLazyVector"
  FBReactNativeSpec:
    :path: "../node_modules/react-native/React/FBReactNativeSpec"
  glog:
    :podspec: "../node_modules/react-native/third-party-podspecs/glog.podspec"
  RCT-Folly:
    :podspec: "../node_modules/react-native/third-party-podspecs/RCT-Folly.podspec"
  RCTRequired:
    :path: "../node_modules/react-native/Libraries/RCTRequired"
  RCTTypeSafety:
    :path: "../node_modules/react-native/Libraries/TypeSafety"
  React:
    :path: "../node_modules/react-native/"
  React-callinvoker:
    :path: "../node_modules/react-native/ReactCommon/callinvoker"
  React-Core:
    :path: "../node_modules/react-native/"
  React-CoreModules:
    :path: "../node_modules/react-native/React/CoreModules"
  React-cxxreact:
    :path: "../node_modules/react-native/ReactCommon/cxxreact"
  React-jsi:
    :path: "../node_modules/react-native/ReactCommon/jsi"
  React-jsiexecutor:
    :path: "../node_modules/react-native/ReactCommon/jsiexecutor"
  React-jsinspector:
    :path: "../node_modules/react-native/ReactCommon/jsinspector"
  react-native-contacts:
    :path: "../node_modules/react-native-contacts"
  react-native-keep-awake:
    :path: "../node_modules/react-native-keep-awake"
  react-native-pdf:
    :path: "../node_modules/react-native-pdf"
  react-native-print:
    :path: "../node_modules/react-native-print"
  react-native-progress-bar-android:
    :path: "../node_modules/@react-native-community/progress-bar-android"
  react-native-progress-view:
    :path: "../node_modules/@react-native-community/progress-view"
  react-native-safe-area-context:
    :path: "../node_modules/react-native-safe-area-context"
  react-native-splash-screen:
    :path: "../node_modules/react-native-splash-screen"
  React-perflogger:
    :path: "../node_modules/react-native/ReactCommon/reactperflogger"
  React-RCTActionSheet:
    :path: "../node_modules/react-native/Libraries/ActionSheetIOS"
  React-RCTAnimation:
    :path: "../node_modules/react-native/Libraries/NativeAnimation"
  React-RCTBlob:
    :path: "../node_modules/react-native/Libraries/Blob"
  React-RCTImage:
    :path: "../node_modules/react-native/Libraries/Image"
  React-RCTLinking:
    :path: "../node_modules/react-native/Libraries/LinkingIOS"
  React-RCTNetwork:
    :path: "../node_modules/react-native/Libraries/Network"
  React-RCTSettings:
    :path: "../node_modules/react-native/Libraries/Settings"
  React-RCTText:
    :path: "../node_modules/react-native/Libraries/Text"
  React-RCTVibration:
    :path: "../node_modules/react-native/Libraries/Vibration"
  React-runtimeexecutor:
    :path: "../node_modules/react-native/ReactCommon/runtimeexecutor"
  ReactCommon:
    :path: "../node_modules/react-native/ReactCommon"
  rn-fetch-blob:
    :path: "../node_modules/rn-fetch-blob"
  RNCAsyncStorage:
    :path: "../node_modules/@react-native-async-storage/async-storage"
  RNCMaskedView:
    :path: "../node_modules/@react-native-community/masked-view"
  RNCPicker:
    :path: "../node_modules/@react-native-community/picker"
  RNDeviceInfo:
    :path: "../node_modules/react-native-device-info"
  RNFS:
    :path: "../node_modules/react-native-fs"
  RNGestureHandler:
    :path: "../node_modules/react-native-gesture-handler"
  RNICloudStore:
    :path: "../node_modules/react-native-icloudstore"
  RNLocalize:
    :path: "../node_modules/react-native-localize"
  RNReanimated:
    :path: "../node_modules/react-native-reanimated"
  RNScreens:
    :path: "../node_modules/react-native-screens"
  RNSentry:
    :path: "../node_modules/@sentry/react-native"
  RNShare:
    :path: "../node_modules/react-native-share"
  Yoga:
    :path: "../node_modules/react-native/ReactCommon/yoga"

SPEC CHECKSUMS:
  boost-for-react-native: 39c7adb57c4e60d6c5479dd8623128eb5b3f0f2c
  DoubleConversion: cf9b38bf0b2d048436d9a82ad2abe1404f11e7de
  FBLazyVector: 7b423f9e248eae65987838148c36eec1dbfe0b53
  FBReactNativeSpec: 949b061057ff0d0e170887f525a9d624fd5a0eaa
  glog: 73c2498ac6884b13ede40eda8228cb1eee9d9d62
  RCT-Folly: ec7a233ccc97cc556cf7237f0db1ff65b986f27c
  RCTRequired: ec2ebc96b7bfba3ca5c32740f5a0c6a014a274d2
  RCTTypeSafety: 22567f31e67c3e088c7ac23ea46ab6d4779c0ea5
  React: a241e3dbb1e91d06332f1dbd2b3ab26e1a4c4b9d
  React-callinvoker: da4d1c6141696a00163960906bc8a55b985e4ce4
  React-Core: 46ba164c437d7dac607b470c83c8308b05799748
  React-CoreModules: 217bd14904491c7b9940ff8b34a3fe08013c2f14
  React-cxxreact: 0090588ae6660c4615d3629fdd5c768d0983add4
  React-jsi: 5de8204706bd872b78ea646aee5d2561ca1214b6
  React-jsiexecutor: 124e8f99992490d0d13e0649d950d3e1aae06fe9
  React-jsinspector: 500a59626037be5b3b3d89c5151bc3baa9abf1a9
  react-native-contacts: 493b583e87eb9cb1ab09268e89e526baf1a7cb30
  react-native-keep-awake: afad8a51dfef9fe9655a6344771be32c8596d774
  react-native-pdf: ef641e79a6d550cfabe5d7ec1916799726514c43
  react-native-print: b31a7afe481fc7c27960fbd1a10055bce7146a86
  react-native-progress-bar-android: be43138ab7da30d51fc038bafa98e9ed594d0c40
  react-native-progress-view: 9e6b6a5305a9115c2157ae3b8852081aba0aab7c
  react-native-safe-area-context: f0906bf8bc9835ac9a9d3f97e8bde2a997d8da79
  react-native-splash-screen: 200d11d188e2e78cea3ad319964f6142b6384865
  React-perflogger: aad6d4b4a267936b3667260d1f649b6f6069a675
  React-RCTActionSheet: fc376be462c9c8d6ad82c0905442fd77f82a9d2a
  React-RCTAnimation: ba0a1c3a2738be224a08092fa7f1b444ab77d309
  React-RCTBlob: f758d4403fc5828a326dc69e27b41e1a92f34947
  React-RCTImage: ce57088705f4a8d03f6594b066a59c29143ba73e
  React-RCTLinking: 852a3a95c65fa63f657a4b4e2d3d83a815e00a7c
  React-RCTNetwork: 9d7ccb8a08d522d71700b4fb677d9fa28cccd118
  React-RCTSettings: d8aaf4389ff06114dee8c42ef5f0f2915946011e
  React-RCTText: 809c12ed6b261796ba056c04fcd20d8b90bcc81d
  React-RCTVibration: 4b99a7f5c6c0abbc5256410cc5425fb8531986e1
  React-runtimeexecutor: ff951a0c241bfaefc4940a3f1f1a229e7cb32fa6
  ReactCommon: bedc99ed4dae329c4fcf128d0c31b9115e5365ca
  rn-fetch-blob: f065bb7ab7fb48dd002629f8bdcb0336602d3cba
  RNCAsyncStorage: 56a3355a10b5d660c48c6e37325ac85ebfd09885
  RNCMaskedView: 0e1bc4bfa8365eba5fbbb71e07fbdc0555249489
  RNCPicker: 914b557e20b3b8317b084aca9ff4b4edb95f61e4
  RNDeviceInfo: 8d3a29207835f972bce883723882980143270d55
  RNFS: 3ab21fa6c56d65566d1fb26c2228e2b6132e5e32
  RNGestureHandler: a479ebd5ed4221a810967000735517df0d2db211
  RNICloudStore: bc6e225811637c09bd1eb055d6cd7448e61cd451
  RNLocalize: 7e199e96411dce0611e07e0496b049afa882c31d
  RNReanimated: 9c13c86454bfd54dab7505c1a054470bfecd2563
  RNScreens: bf59f17fbf001f1025243eeed5f19419d3c11ef2
  RNSentry: 6f8f9ee7e4c939dcd35e5633b94d0e3782888e46
  RNShare: 32ded9b8603fddf8f8eed42014e7ea7a4b0b8bf0
  Sentry: 9d055e2de30a77685e86b219acf02e59b82091fc
  Yoga: a7de31c64fe738607e7a3803e3f591a4b1df7393

PODFILE CHECKSUM: 08509d87e51f6f90a2dd355a6306ba8b8af7356e

COCOAPODS: 1.10.1
