PODS:
  - boost-for-react-native (1.63.0)
  - DoubleConversion (1.1.6)
  - Folly (2018.10.22.00):
    - boost-for-react-native
    - DoubleConversion
    - Folly/Default (= 2018.10.22.00)
    - glog
  - Folly/Default (2018.10.22.00):
    - boost-for-react-native
    - DoubleConversion
    - glog
  - glog (0.3.5)
  - React (0.60.1):
    - React-Core (= 0.60.1)
    - React-DevSupport (= 0.60.1)
    - React-RCTActionSheet (= 0.60.1)
    - React-RCTAnimation (= 0.60.1)
    - React-RCTBlob (= 0.60.1)
    - React-RCTImage (= 0.60.1)
    - React-RCTLinking (= 0.60.1)
    - React-RCTNetwork (= 0.60.1)
    - React-RCTSettings (= 0.60.1)
    - React-RCTText (= 0.60.1)
    - React-RCTVibration (= 0.60.1)
    - React-RCTWebSocket (= 0.60.1)
  - React-Core (0.60.1):
    - Folly (= 2018.10.22.00)
    - React-cxxreact (= 0.60.1)
    - React-jsiexecutor (= 0.60.1)
    - yoga (= 0.60.1.React)
  - React-cxxreact (0.60.1):
    - boost-for-react-native (= 1.63.0)
    - DoubleConversion
    - Folly (= 2018.10.22.00)
    - glog
    - React-jsinspector (= 0.60.1)
  - React-DevSupport (0.60.1):
    - React-Core (= 0.60.1)
    - React-RCTWebSocket (= 0.60.1)
  - React-fishhook (0.60.1)
  - React-jsi (0.60.1):
    - boost-for-react-native (= 1.63.0)
    - DoubleConversion
    - Folly (= 2018.10.22.00)
    - glog
    - React-jsi/Default (= 0.60.1)
  - React-jsi/Default (0.60.1):
    - boost-for-react-native (= 1.63.0)
    - DoubleConversion
    - Folly (= 2018.10.22.00)
    - glog
  - React-jsiexecutor (0.60.1):
    - DoubleConversion
    - Folly (= 2018.10.22.00)
    - glog
    - React-cxxreact (= 0.60.1)
    - React-jsi (= 0.60.1)
  - React-jsinspector (0.60.1)
  - React-RCTActionSheet (0.60.1):
    - React-Core (= 0.60.1)
  - React-RCTAnimation (0.60.1):
    - React-Core (= 0.60.1)
  - React-RCTBlob (0.60.1):
    - React-Core (= 0.60.1)
    - React-RCTNetwork (= 0.60.1)
    - React-RCTWebSocket (= 0.60.1)
  - React-RCTImage (0.60.1):
    - React-Core (= 0.60.1)
    - React-RCTNetwork (= 0.60.1)
  - React-RCTLinking (0.60.1):
    - React-Core (= 0.60.1)
  - React-RCTNetwork (0.60.1):
    - React-Core (= 0.60.1)
  - React-RCTSettings (0.60.1):
    - React-Core (= 0.60.1)
  - React-RCTText (0.60.1):
    - React-Core (= 0.60.1)
  - React-RCTVibration (0.60.1):
    - React-Core (= 0.60.1)
  - React-RCTWebSocket (0.60.1):
    - React-Core (= 0.60.1)
    - React-fishhook (= 0.60.1)
  - yoga (0.60.1.React)

DEPENDENCIES:
  - DoubleConversion (from `../node_modules/react-native/third-party-podspecs/DoubleConversion.podspec`)
  - Folly (from `../node_modules/react-native/third-party-podspecs/Folly.podspec`)
  - glog (from `../node_modules/react-native/third-party-podspecs/glog.podspec`)
  - React (from `../node_modules/react-native/`)
  - React-Core (from `../node_modules/react-native/React`)
  - React-cxxreact (from `../node_modules/react-native/ReactCommon/cxxreact`)
  - React-DevSupport (from `../node_modules/react-native/React`)
  - React-fishhook (from `../node_modules/react-native/Libraries/fishhook`)
  - React-jsi (from `../node_modules/react-native/ReactCommon/jsi`)
  - React-jsiexecutor (from `../node_modules/react-native/ReactCommon/jsiexecutor`)
  - React-jsinspector (from `../node_modules/react-native/ReactCommon/jsinspector`)
  - React-RCTActionSheet (from `../node_modules/react-native/Libraries/ActionSheetIOS`)
  - React-RCTAnimation (from `../node_modules/react-native/Libraries/NativeAnimation`)
  - React-RCTBlob (from `../node_modules/react-native/Libraries/Blob`)
  - React-RCTImage (from `../node_modules/react-native/Libraries/Image`)
  - React-RCTLinking (from `../node_modules/react-native/Libraries/LinkingIOS`)
  - React-RCTNetwork (from `../node_modules/react-native/Libraries/Network`)
  - React-RCTSettings (from `../node_modules/react-native/Libraries/Settings`)
  - React-RCTText (from `../node_modules/react-native/Libraries/Text`)
  - React-RCTVibration (from `../node_modules/react-native/Libraries/Vibration`)
  - React-RCTWebSocket (from `../node_modules/react-native/Libraries/WebSocket`)
  - yoga (from `../node_modules/react-native/ReactCommon/yoga`)

SPEC REPOS:
  https://github.com/cocoapods/specs.git:
    - boost-for-react-native

EXTERNAL SOURCES:
  DoubleConversion:
    :podspec: "../node_modules/react-native/third-party-podspecs/DoubleConversion.podspec"
  Folly:
    :podspec: "../node_modules/react-native/third-party-podspecs/Folly.podspec"
  glog:
    :podspec: "../node_modules/react-native/third-party-podspecs/glog.podspec"
  React:
    :path: "../node_modules/react-native/"
  React-Core:
    :path: "../node_modules/react-native/React"
  React-cxxreact:
    :path: "../node_modules/react-native/ReactCommon/cxxreact"
  React-DevSupport:
    :path: "../node_modules/react-native/React"
  React-fishhook:
    :path: "../node_modules/react-native/Libraries/fishhook"
  React-jsi:
    :path: "../node_modules/react-native/ReactCommon/jsi"
  React-jsiexecutor:
    :path: "../node_modules/react-native/ReactCommon/jsiexecutor"
  React-jsinspector:
    :path: "../node_modules/react-native/ReactCommon/jsinspector"
  React-RCTActionSheet:
    :path: "../node_modules/react-native/Libraries/ActionSheetIOS"
  React-RCTAnimation:
    :path: "../node_modules/react-native/Libraries/NativeAnimation"
  React-RCTBlob:
    :path: "../node_modules/react-native/Libraries/Blob"
  React-RCTImage:
    :path: "../node_modules/react-native/Libraries/Image"
  React-RCTLinking:
    :path: "../node_modules/react-native/Libraries/LinkingIOS"
  React-RCTNetwork:
    :path: "../node_modules/react-native/Libraries/Network"
  React-RCTSettings:
    :path: "../node_modules/react-native/Libraries/Settings"
  React-RCTText:
    :path: "../node_modules/react-native/Libraries/Text"
  React-RCTVibration:
    :path: "../node_modules/react-native/Libraries/Vibration"
  React-RCTWebSocket:
    :path: "../node_modules/react-native/Libraries/WebSocket"
  yoga:
    :path: "../node_modules/react-native/ReactCommon/yoga"

SPEC CHECKSUMS:
  boost-for-react-native: 39c7adb57c4e60d6c5479dd8623128eb5b3f0f2c
  DoubleConversion: 5805e889d232975c086db112ece9ed034df7a0b2
  Folly: 30e7936e1c45c08d884aa59369ed951a8e68cf51
  glog: 1f3da668190260b06b429bb211bfbee5cd790c28
  React: cfd4d1d6708d52a2856d36a609bf7bae223ce668
  React-Core: 9ee0cf29a823f191af34fa1a19caaf13d4cd6e5c
  React-cxxreact: 79cb8ad6045d0110521e80b94b4b50fc67e2508e
  React-DevSupport: a24cc0ef01525d613f0897e4d3b8286d00c75d5b
  React-fishhook: 4cd054235de1f71041de9c20cadfa4844eabd9bc
  React-jsi: 0ed990a802b70b99bdf3e5d34c3a6a450a715480
  React-jsiexecutor: 83b961c34e9726072167a97d554c22d5665bf8fe
  React-jsinspector: befc5a0c8399135e644571cc50f31f1ca1f7b4d9
  React-RCTActionSheet: 27cd741a8f7926cbc25b2c35f19320cc210ab576
  React-RCTAnimation: 82e452c8030f5c97e111b97fb69513e31ad2f68f
  React-RCTBlob: e0aafd64336bd87926242ec0c78a46f3505679d1
  React-RCTImage: 2303257623b319878a4139d26224d24c434e1bcb
  React-RCTLinking: 281a46aa21682f3dba6f66b36c60c9997c3f449d
  React-RCTNetwork: 522cc1ac9ac58e152140508c4cacf8fef0cd4708
  React-RCTSettings: aa49c9e7e16c61241c107bb9c16803ef6d992c01
  React-RCTText: a2b206cab0a303585fe616935a15ce4b7d25ad7c
  React-RCTVibration: 9d02c5f53d9e24ff2028a9a3b7ba475042696c10
  React-RCTWebSocket: a19b8033372f1bfe4774fd8bec17ec18e0c0db8e
  yoga: 98408ffdd58721c1f4c984c97be2a83bb0109d49

PODFILE CHECKSUM: baeb56d3a1b540930779643cd0a6cc1ea9bfb15b

COCOAPODS: 1.7.4
